
Microsoft Visual Studio Solution File, Format Version 12.00
# Visual Studio Version 17
VisualStudioVersion = 17.2.32505.173
MinimumVisualStudioVersion = 10.0.40219.1
Project("{2150E333-8FDC-42A3-9474-1A3956D46DE8}") = "Libraries", "Libraries", "{4269F3C3-6B42-419B-B64A-3E6DC0F1574A}"
EndProject
Project("{2150E333-8FDC-42A3-9474-1A3956D46DE8}") = "Authentication", "Authentication", "{5C0A039F-B639-40D7-BC3D-759DA8AEAA66}"
EndProject
Project("{2150E333-8FDC-42A3-9474-1A3956D46DE8}") = "Memory", "Memory", "{C9FC17B0-C30D-494D-A09B-6E41D9B6EAAD}"
EndProject
Project("{2150E333-8FDC-42A3-9474-1A3956D46DE8}") = "Teams", "Teams", "{183D0E91-B84E-46D7-B653-6D85B4CCF804}"
EndProject
Project("{2150E333-8FDC-42A3-9474-1A3956D46DE8}") = "Tests", "Tests", "{AD743B78-D61F-4FBF-B620-FA83CE599A50}"
EndProject
Project("{2150E333-8FDC-42A3-9474-1A3956D46DE8}") = "Samples", "Samples", "{674A812C-7287-4883-97F9-697D83750648}"
EndProject
Project("{2150E333-8FDC-42A3-9474-1A3956D46DE8}") = "Hosting", "Hosting", "{C0F4149C-BB92-423D-A8E2-855448E3A0C0}"
EndProject
Project("{2150E333-8FDC-42A3-9474-1A3956D46DE8}") = "Client", "Client", "{9AEE51D5-B0A6-4698-8EAC-ED2E9795225A}"
EndProject
Project("{2150E333-8FDC-42A3-9474-1A3956D46DE8}") = "Core", "Core", "{7A18F0C9-F8AF-4168-B954-6563BB2C1A90}"
EndProject
Project("{2150E333-8FDC-42A3-9474-1A3956D46DE8}") = "BotBuilder", "BotBuilder", "{F81B3CA1-5DB1-45E9-95B7-3B774588E635}"
EndProject
Project("{9A19103F-16F7-4668-BE54-9A1E7A4F7556}") = "Microsoft.Agents.Hosting.AspNetCore", "libraries\Hosting\AspNetCore\Microsoft.Agents.Hosting.AspNetCore.csproj", "{CCEEC142-70BF-42EE-A5DD-54FF80ED5F82}"
EndProject
Project("{9A19103F-16F7-4668-BE54-9A1E7A4F7556}") = "EchoBot", "samples\EchoBot\EchoBot.csproj", "{E0202555-C388-4DE7-81DA-BFAB29784619}"
EndProject
Project("{9A19103F-16F7-4668-BE54-9A1E7A4F7556}") = "Microsoft.Agents.Client", "libraries\Client\Microsoft.Agents.Client\Microsoft.Agents.Client.csproj", "{9712326C-F202-4A8C-9F16-72D20CB7F353}"
EndProject
Project("{9A19103F-16F7-4668-BE54-9A1E7A4F7556}") = "Microsoft.Agents.Authentication", "libraries\Core\Authentication\Microsoft.Agents.Authentication.csproj", "{75A8775F-CEBC-42FF-8FD2-2104CC03BC82}"
EndProject
Project("{2150E333-8FDC-42A3-9474-1A3956D46DE8}") = "BotToBot", "BotToBot", "{297B5F2B-47E4-4C50-906C-32D124E9C306}"
	ProjectSection(SolutionItems) = preProject
		samples\BotToBot\README.md = samples\BotToBot\README.md
	EndProjectSection
EndProject
Project("{9A19103F-16F7-4668-BE54-9A1E7A4F7556}") = "Bot1", "samples\BotToBot\Bot1\Bot1.csproj", "{89F1C954-98F1-480E-9218-7947EA446024}"
EndProject
Project("{9A19103F-16F7-4668-BE54-9A1E7A4F7556}") = "Bot2", "samples\BotToBot\Bot2\Bot2.csproj", "{5BC745C9-7366-428B-A0B5-B20557B1EBA8}"
EndProject
Project("{9A19103F-16F7-4668-BE54-9A1E7A4F7556}") = "Microsoft.Agents.BotBuilder.Dialogs", "libraries\BotBuilder\BotBuilder.Dialogs\Microsoft.Agents.BotBuilder.Dialogs.csproj", "{371BA8A9-22B6-45FD-8135-8019AF8235EA}"
EndProject
Project("{9A19103F-16F7-4668-BE54-9A1E7A4F7556}") = "Microsoft.Agents.BotBuilder.Testing", "tests\BotBuilder.Testing\Microsoft.Agents.BotBuilder.Testing.csproj", "{D08C3B96-BDFE-489E-BD46-E5B2B885BE07}"
EndProject
Project("{9A19103F-16F7-4668-BE54-9A1E7A4F7556}") = "Microsoft.Agents.Connector.Tests", "tests\Microsoft.Agents.Protocol.Connector.Tests\Microsoft.Agents.Connector.Tests.csproj", "{25C8DD69-4496-4EAD-A79A-987AC6BC9A6F}"
EndProject
Project("{9A19103F-16F7-4668-BE54-9A1E7A4F7556}") = "Microsoft.Agents.BotBuilder.Dialogs.Tests", "tests\Microsoft.Agents.BotBuilder.Dialogs.Tests\Microsoft.Agents.BotBuilder.Dialogs.Tests.csproj", "{9AD702C6-E1E1-4328-A249-09702853DE8E}"
EndProject
Project("{9A19103F-16F7-4668-BE54-9A1E7A4F7556}") = "Microsoft.Agents.BotBuilder.TestBot.Shared", "tests\Microsoft.Agents.BotBuilder.TestBot.Shared\Microsoft.Agents.BotBuilder.TestBot.Shared.csproj", "{61084CFD-CB22-44DA-A42B-4BAB0F18DDE7}"
EndProject
Project("{9A19103F-16F7-4668-BE54-9A1E7A4F7556}") = "Microsoft.Agents.BotBuilder.TestBot.Tests", "tests\Microsoft.Agents.BotBuilder.TestBot.Tests\Microsoft.Agents.BotBuilder.TestBot.Tests.csproj", "{84568CE9-4EE6-4A14-9DED-B1161AF620B7}"
EndProject
Project("{9A19103F-16F7-4668-BE54-9A1E7A4F7556}") = "Microsoft.Agents.Model.Tests", "tests\Microsoft.Agents.Model.Tests\Microsoft.Agents.Model.Tests.csproj", "{53FEE87D-2E52-4064-93DB-BD27E3996B59}"
EndProject
Project("{9A19103F-16F7-4668-BE54-9A1E7A4F7556}") = "Microsoft.Agents.Teams.Tests", "tests\Microsoft.Agents.Teams.Tests\Microsoft.Agents.Teams.Tests.csproj", "{D790E414-979D-4FF9-8EB6-08C205423037}"
EndProject
Project("{9A19103F-16F7-4668-BE54-9A1E7A4F7556}") = "Microsoft.Agents.Authentication.Msal", "libraries\Authentication\Authentication.Msal\Microsoft.Agents.Authentication.Msal.csproj", "{AC905963-D232-4679-888B-22A3D6D39ACB}"
EndProject
Project("{9A19103F-16F7-4668-BE54-9A1E7A4F7556}") = "Microsoft.Agents.Auth.Tests", "tests\Microsoft.Agents.Auth.Tests\Microsoft.Agents.Auth.Tests.csproj", "{08F7E4C2-2492-4002-9CDF-875C4765AB59}"
EndProject
Project("{9A19103F-16F7-4668-BE54-9A1E7A4F7556}") = "Microsoft.Agents.Protocols.Adapter.Tests", "tests\Microsoft.Agents.Protocols.Adapter.Tests\Microsoft.Agents.Protocols.Adapter.Tests.csproj", "{B62ADD31-511C-4FE5-9FAB-E153DF99579E}"
EndProject
Project("{9A19103F-16F7-4668-BE54-9A1E7A4F7556}") = "AuthenticationBot", "samples\AuthenticationBot\AuthenticationBot.csproj", "{CBC8720C-5169-4034-B52B-8FAAA43687B9}"
EndProject
Project("{9A19103F-16F7-4668-BE54-9A1E7A4F7556}") = "Microsoft.Agents.Protocols", "libraries\Core\Protocols\Microsoft.Agents.Protocols.csproj", "{5EBB9B94-1BA4-49FD-8796-ABD2E22F71A9}"
EndProject
Project("{9A19103F-16F7-4668-BE54-9A1E7A4F7556}") = "Microsoft.Agents.Memory", "libraries\Memory\Memory\Microsoft.Agents.Memory.csproj", "{F57A654F-C6DA-4196-B93E-F104DB105A7D}"
EndProject
Project("{9A19103F-16F7-4668-BE54-9A1E7A4F7556}") = "Microsoft.Agents.Memory.Tests", "tests\Microsoft.Agents.Memory.Tests\Microsoft.Agents.Memory.Tests.csproj", "{C96E63AF-A46F-4E7D-9B70-C06F3D67CFCC}"
EndProject
Project("{9A19103F-16F7-4668-BE54-9A1E7A4F7556}") = "Microsoft.Agents.Memory.CosmosDb", "libraries\Memory\Memory.CosmosDb\Microsoft.Agents.Memory.CosmosDb.csproj", "{4754E8A5-5D3B-4E88-97CF-92FFCFA5A55B}"
EndProject
Project("{9A19103F-16F7-4668-BE54-9A1E7A4F7556}") = "Microsoft.Agents.Memory.Blobs", "libraries\Memory\Memory.Blobs\Microsoft.Agents.Memory.Blobs.csproj", "{B0633A22-F588-4AD2-A48B-F15E85380E44}"
EndProject
Project("{9A19103F-16F7-4668-BE54-9A1E7A4F7556}") = "AdaptiveCardActions", "samples\Teams\AdaptiveCardActions\AdaptiveCardActions.csproj", "{A94520CC-5B8D-44A0-ADDD-88CAC46DDF78}"
EndProject
Project("{9A19103F-16F7-4668-BE54-9A1E7A4F7556}") = "Microsoft.Agents.CopilotStudio.Client", "libraries\Client\Microsoft.Agents.CopilotStudio.Client\Microsoft.Agents.CopilotStudio.Client.csproj", "{2CEAC466-C0BD-4CD8-ACA3-4282421A869D}"
EndProject
Project("{9A19103F-16F7-4668-BE54-9A1E7A4F7556}") = "CopilotStudioClientSample", "samples\CopilotStudioClientSample\CopilotStudioClientSample.csproj", "{25922F8C-0AE7-4AB8-8869-A3E3B332A80B}"
EndProject
Project("{9A19103F-16F7-4668-BE54-9A1E7A4F7556}") = "Microsoft.Agents.CopilotStudio.Client.Tests", "tests\Microsoft.Agents.CopilotStudio.Client.Tests\Microsoft.Agents.CopilotStudio.Client.Tests.csproj", "{85EFACDD-33EA-4C01-B25D-1580C2059B20}"
EndProject
Project("{9A19103F-16F7-4668-BE54-9A1E7A4F7556}") = "Microsoft.Agents.Memory.Transcript", "libraries\Memory\Memory.Transcript\Microsoft.Agents.Memory.Transcript.csproj", "{3B5DBBE9-44CF-44CF-881C-69D5AF96C96D}"
EndProject
Project("{9A19103F-16F7-4668-BE54-9A1E7A4F7556}") = "ConversationBot", "samples\Teams\ConversationBot\ConversationBot.csproj", "{BC50F57F-4CE7-4015-9644-B539D89C0C67}"
EndProject
Project("{9A19103F-16F7-4668-BE54-9A1E7A4F7556}") = "TaskModule", "samples\Teams\TaskModule\TaskModule.csproj", "{98AE4D29-62C9-4302-A1D9-6882FF8C735A}"
EndProject
Project("{9A19103F-16F7-4668-BE54-9A1E7A4F7556}") = "MessagingExtensionsSearch", "samples\Teams\MessagingExtensionsSearch\MessagingExtensionsSearch.csproj", "{5088E98A-92E1-44FA-8B5B-3BFEFB12F162}"
EndProject
Project("{9A19103F-16F7-4668-BE54-9A1E7A4F7556}") = "Microsoft.Agents.Client.Tests", "tests\Microsoft.Agents.Client.Tests\Microsoft.Agents.Client.Tests.csproj", "{C3C67596-AF6A-486C-B8C3-76DCAE70AB72}"
EndProject
Project("{9A19103F-16F7-4668-BE54-9A1E7A4F7556}") = "LinkUnfurling", "samples\Teams\LinkUnfurling\LinkUnfurling.csproj", "{2D9F4AAB-B0F7-4E07-9690-BB38AF9BB711}"
EndProject
Project("{9A19103F-16F7-4668-BE54-9A1E7A4F7556}") = "TeamsAuth", "samples\Teams\bot-teams-authentication\TeamsAuth.csproj", "{A059A557-AC73-4CC0-8909-E458BEF05AB5}"
EndProject
Project("{9A19103F-16F7-4668-BE54-9A1E7A4F7556}") = "BotAllCards", "samples\Teams\bot-all-cards\BotAllCards.csproj", "{5AEA2118-784B-4177-B37A-4C748D0BA176}"
EndProject
Project("{9A19103F-16F7-4668-BE54-9A1E7A4F7556}") = "PeoplePicker", "samples\Teams\bot-people-picker-adaptive-card\PeoplePicker.csproj", "{CD17A4F9-B07C-4888-89FB-7A765E67FA48}"
EndProject
Project("{9A19103F-16F7-4668-BE54-9A1E7A4F7556}") = "ReceiveMessagesWithRSC", "samples\Teams\bot-receive-channel-messages-withRSC\ReceiveMessagesWithRSC.csproj", "{362374EB-3641-436A-8059-6A96643E484D}"
EndProject
Project("{9A19103F-16F7-4668-BE54-9A1E7A4F7556}") = "BotConversationSsoQuickstart", "samples\Teams\bot-conversation-sso-quickstart\BotConversationSsoQuickstart.csproj", "{88073EDB-D99C-48FD-B586-DB2ACA4CC552}"
EndProject
Project("{9A19103F-16F7-4668-BE54-9A1E7A4F7556}") = "CopilotStudioEchoSkill", "samples\CopilotStudioEchoSkill\CopilotStudioEchoSkill.csproj", "{FAC68927-EC35-464F-BEE0-824B04D39B62}"
EndProject
Project("{2150E333-8FDC-42A3-9474-1A3956D46DE8}") = "SemanticKernel", "SemanticKernel", "{5059670B-CB2F-4D97-8B24-872FD1EC9D99}"
EndProject
Project("{9A19103F-16F7-4668-BE54-9A1E7A4F7556}") = "WeatherBot", "samples\SemanticKernel\WeatherBot\WeatherBot.csproj", "{1889C7A6-B006-4F47-8578-73D95236E94C}"
EndProject
Project("{9A19103F-16F7-4668-BE54-9A1E7A4F7556}") = "Microsoft.Agents.Telemetry", "libraries\Core\Telemetry\Microsoft.Agents.Telemetry.csproj", "{8E43D789-4F70-4FF2-9B19-DEB6234C5BC0}"
EndProject
Global
	GlobalSection(SolutionConfigurationPlatforms) = preSolution
		Debug|Any CPU = Debug|Any CPU
		Release|Any CPU = Release|Any CPU
	EndGlobalSection
	GlobalSection(ProjectConfigurationPlatforms) = postSolution
		{CCEEC142-70BF-42EE-A5DD-54FF80ED5F82}.Debug|Any CPU.ActiveCfg = Debug|Any CPU
		{CCEEC142-70BF-42EE-A5DD-54FF80ED5F82}.Debug|Any CPU.Build.0 = Debug|Any CPU
		{CCEEC142-70BF-42EE-A5DD-54FF80ED5F82}.Release|Any CPU.ActiveCfg = Release|Any CPU
		{CCEEC142-70BF-42EE-A5DD-54FF80ED5F82}.Release|Any CPU.Build.0 = Release|Any CPU
		{E0202555-C388-4DE7-81DA-BFAB29784619}.Debug|Any CPU.ActiveCfg = Debug|Any CPU
		{E0202555-C388-4DE7-81DA-BFAB29784619}.Debug|Any CPU.Build.0 = Debug|Any CPU
		{E0202555-C388-4DE7-81DA-BFAB29784619}.Release|Any CPU.ActiveCfg = Release|Any CPU
		{E0202555-C388-4DE7-81DA-BFAB29784619}.Release|Any CPU.Build.0 = Release|Any CPU
		{9712326C-F202-4A8C-9F16-72D20CB7F353}.Debug|Any CPU.ActiveCfg = Debug|Any CPU
		{9712326C-F202-4A8C-9F16-72D20CB7F353}.Debug|Any CPU.Build.0 = Debug|Any CPU
		{9712326C-F202-4A8C-9F16-72D20CB7F353}.Release|Any CPU.ActiveCfg = Release|Any CPU
		{9712326C-F202-4A8C-9F16-72D20CB7F353}.Release|Any CPU.Build.0 = Release|Any CPU
		{75A8775F-CEBC-42FF-8FD2-2104CC03BC82}.Debug|Any CPU.ActiveCfg = Debug|Any CPU
		{75A8775F-CEBC-42FF-8FD2-2104CC03BC82}.Debug|Any CPU.Build.0 = Debug|Any CPU
		{75A8775F-CEBC-42FF-8FD2-2104CC03BC82}.Release|Any CPU.ActiveCfg = Release|Any CPU
		{75A8775F-CEBC-42FF-8FD2-2104CC03BC82}.Release|Any CPU.Build.0 = Release|Any CPU
		{89F1C954-98F1-480E-9218-7947EA446024}.Debug|Any CPU.ActiveCfg = Debug|Any CPU
		{89F1C954-98F1-480E-9218-7947EA446024}.Debug|Any CPU.Build.0 = Debug|Any CPU
		{89F1C954-98F1-480E-9218-7947EA446024}.Release|Any CPU.ActiveCfg = Release|Any CPU
		{89F1C954-98F1-480E-9218-7947EA446024}.Release|Any CPU.Build.0 = Release|Any CPU
		{5BC745C9-7366-428B-A0B5-B20557B1EBA8}.Debug|Any CPU.ActiveCfg = Debug|Any CPU
		{5BC745C9-7366-428B-A0B5-B20557B1EBA8}.Debug|Any CPU.Build.0 = Debug|Any CPU
		{5BC745C9-7366-428B-A0B5-B20557B1EBA8}.Release|Any CPU.ActiveCfg = Release|Any CPU
		{5BC745C9-7366-428B-A0B5-B20557B1EBA8}.Release|Any CPU.Build.0 = Release|Any CPU
		{371BA8A9-22B6-45FD-8135-8019AF8235EA}.Debug|Any CPU.ActiveCfg = Debug|Any CPU
		{371BA8A9-22B6-45FD-8135-8019AF8235EA}.Debug|Any CPU.Build.0 = Debug|Any CPU
		{371BA8A9-22B6-45FD-8135-8019AF8235EA}.Release|Any CPU.ActiveCfg = Release|Any CPU
		{371BA8A9-22B6-45FD-8135-8019AF8235EA}.Release|Any CPU.Build.0 = Release|Any CPU
		{D08C3B96-BDFE-489E-BD46-E5B2B885BE07}.Debug|Any CPU.ActiveCfg = Debug|Any CPU
		{D08C3B96-BDFE-489E-BD46-E5B2B885BE07}.Debug|Any CPU.Build.0 = Debug|Any CPU
		{D08C3B96-BDFE-489E-BD46-E5B2B885BE07}.Release|Any CPU.ActiveCfg = Release|Any CPU
		{D08C3B96-BDFE-489E-BD46-E5B2B885BE07}.Release|Any CPU.Build.0 = Release|Any CPU
		{25C8DD69-4496-4EAD-A79A-987AC6BC9A6F}.Debug|Any CPU.ActiveCfg = Debug|Any CPU
		{25C8DD69-4496-4EAD-A79A-987AC6BC9A6F}.Debug|Any CPU.Build.0 = Debug|Any CPU
		{25C8DD69-4496-4EAD-A79A-987AC6BC9A6F}.Release|Any CPU.ActiveCfg = Release|Any CPU
		{25C8DD69-4496-4EAD-A79A-987AC6BC9A6F}.Release|Any CPU.Build.0 = Release|Any CPU
		{9AD702C6-E1E1-4328-A249-09702853DE8E}.Debug|Any CPU.ActiveCfg = Debug|Any CPU
		{9AD702C6-E1E1-4328-A249-09702853DE8E}.Debug|Any CPU.Build.0 = Debug|Any CPU
		{9AD702C6-E1E1-4328-A249-09702853DE8E}.Release|Any CPU.ActiveCfg = Release|Any CPU
		{9AD702C6-E1E1-4328-A249-09702853DE8E}.Release|Any CPU.Build.0 = Release|Any CPU
		{61084CFD-CB22-44DA-A42B-4BAB0F18DDE7}.Debug|Any CPU.ActiveCfg = Debug|Any CPU
		{61084CFD-CB22-44DA-A42B-4BAB0F18DDE7}.Debug|Any CPU.Build.0 = Debug|Any CPU
		{61084CFD-CB22-44DA-A42B-4BAB0F18DDE7}.Release|Any CPU.ActiveCfg = Release|Any CPU
		{61084CFD-CB22-44DA-A42B-4BAB0F18DDE7}.Release|Any CPU.Build.0 = Release|Any CPU
		{84568CE9-4EE6-4A14-9DED-B1161AF620B7}.Debug|Any CPU.ActiveCfg = Debug|Any CPU
		{84568CE9-4EE6-4A14-9DED-B1161AF620B7}.Debug|Any CPU.Build.0 = Debug|Any CPU
		{84568CE9-4EE6-4A14-9DED-B1161AF620B7}.Release|Any CPU.ActiveCfg = Release|Any CPU
		{84568CE9-4EE6-4A14-9DED-B1161AF620B7}.Release|Any CPU.Build.0 = Release|Any CPU
		{53FEE87D-2E52-4064-93DB-BD27E3996B59}.Debug|Any CPU.ActiveCfg = Debug|Any CPU
		{53FEE87D-2E52-4064-93DB-BD27E3996B59}.Debug|Any CPU.Build.0 = Debug|Any CPU
		{53FEE87D-2E52-4064-93DB-BD27E3996B59}.Release|Any CPU.ActiveCfg = Release|Any CPU
		{53FEE87D-2E52-4064-93DB-BD27E3996B59}.Release|Any CPU.Build.0 = Release|Any CPU
		{D790E414-979D-4FF9-8EB6-08C205423037}.Debug|Any CPU.ActiveCfg = Debug|Any CPU
		{D790E414-979D-4FF9-8EB6-08C205423037}.Debug|Any CPU.Build.0 = Debug|Any CPU
		{D790E414-979D-4FF9-8EB6-08C205423037}.Release|Any CPU.ActiveCfg = Release|Any CPU
		{D790E414-979D-4FF9-8EB6-08C205423037}.Release|Any CPU.Build.0 = Release|Any CPU
		{AC905963-D232-4679-888B-22A3D6D39ACB}.Debug|Any CPU.ActiveCfg = Debug|Any CPU
		{AC905963-D232-4679-888B-22A3D6D39ACB}.Debug|Any CPU.Build.0 = Debug|Any CPU
		{AC905963-D232-4679-888B-22A3D6D39ACB}.Release|Any CPU.ActiveCfg = Release|Any CPU
		{AC905963-D232-4679-888B-22A3D6D39ACB}.Release|Any CPU.Build.0 = Release|Any CPU
		{08F7E4C2-2492-4002-9CDF-875C4765AB59}.Debug|Any CPU.ActiveCfg = Debug|Any CPU
		{08F7E4C2-2492-4002-9CDF-875C4765AB59}.Debug|Any CPU.Build.0 = Debug|Any CPU
		{08F7E4C2-2492-4002-9CDF-875C4765AB59}.Release|Any CPU.ActiveCfg = Release|Any CPU
		{08F7E4C2-2492-4002-9CDF-875C4765AB59}.Release|Any CPU.Build.0 = Release|Any CPU
		{B62ADD31-511C-4FE5-9FAB-E153DF99579E}.Debug|Any CPU.ActiveCfg = Debug|Any CPU
		{B62ADD31-511C-4FE5-9FAB-E153DF99579E}.Debug|Any CPU.Build.0 = Debug|Any CPU
		{B62ADD31-511C-4FE5-9FAB-E153DF99579E}.Release|Any CPU.ActiveCfg = Release|Any CPU
		{B62ADD31-511C-4FE5-9FAB-E153DF99579E}.Release|Any CPU.Build.0 = Release|Any CPU
		{CBC8720C-5169-4034-B52B-8FAAA43687B9}.Debug|Any CPU.ActiveCfg = Debug|Any CPU
		{CBC8720C-5169-4034-B52B-8FAAA43687B9}.Debug|Any CPU.Build.0 = Debug|Any CPU
		{CBC8720C-5169-4034-B52B-8FAAA43687B9}.Release|Any CPU.ActiveCfg = Release|Any CPU
		{CBC8720C-5169-4034-B52B-8FAAA43687B9}.Release|Any CPU.Build.0 = Release|Any CPU
		{5EBB9B94-1BA4-49FD-8796-ABD2E22F71A9}.Debug|Any CPU.ActiveCfg = Debug|Any CPU
		{5EBB9B94-1BA4-49FD-8796-ABD2E22F71A9}.Debug|Any CPU.Build.0 = Debug|Any CPU
		{5EBB9B94-1BA4-49FD-8796-ABD2E22F71A9}.Release|Any CPU.ActiveCfg = Release|Any CPU
		{5EBB9B94-1BA4-49FD-8796-ABD2E22F71A9}.Release|Any CPU.Build.0 = Release|Any CPU
		{F57A654F-C6DA-4196-B93E-F104DB105A7D}.Debug|Any CPU.ActiveCfg = Debug|Any CPU
		{F57A654F-C6DA-4196-B93E-F104DB105A7D}.Debug|Any CPU.Build.0 = Debug|Any CPU
		{F57A654F-C6DA-4196-B93E-F104DB105A7D}.Release|Any CPU.ActiveCfg = Release|Any CPU
		{F57A654F-C6DA-4196-B93E-F104DB105A7D}.Release|Any CPU.Build.0 = Release|Any CPU
		{C96E63AF-A46F-4E7D-9B70-C06F3D67CFCC}.Debug|Any CPU.ActiveCfg = Debug|Any CPU
		{C96E63AF-A46F-4E7D-9B70-C06F3D67CFCC}.Debug|Any CPU.Build.0 = Debug|Any CPU
		{C96E63AF-A46F-4E7D-9B70-C06F3D67CFCC}.Release|Any CPU.ActiveCfg = Release|Any CPU
		{C96E63AF-A46F-4E7D-9B70-C06F3D67CFCC}.Release|Any CPU.Build.0 = Release|Any CPU
		{4754E8A5-5D3B-4E88-97CF-92FFCFA5A55B}.Debug|Any CPU.ActiveCfg = Debug|Any CPU
		{4754E8A5-5D3B-4E88-97CF-92FFCFA5A55B}.Debug|Any CPU.Build.0 = Debug|Any CPU
		{4754E8A5-5D3B-4E88-97CF-92FFCFA5A55B}.Release|Any CPU.ActiveCfg = Release|Any CPU
		{4754E8A5-5D3B-4E88-97CF-92FFCFA5A55B}.Release|Any CPU.Build.0 = Release|Any CPU
		{B0633A22-F588-4AD2-A48B-F15E85380E44}.Debug|Any CPU.ActiveCfg = Debug|Any CPU
		{B0633A22-F588-4AD2-A48B-F15E85380E44}.Debug|Any CPU.Build.0 = Debug|Any CPU
		{B0633A22-F588-4AD2-A48B-F15E85380E44}.Release|Any CPU.ActiveCfg = Release|Any CPU
		{B0633A22-F588-4AD2-A48B-F15E85380E44}.Release|Any CPU.Build.0 = Release|Any CPU
		{A94520CC-5B8D-44A0-ADDD-88CAC46DDF78}.Debug|Any CPU.ActiveCfg = Debug|Any CPU
		{A94520CC-5B8D-44A0-ADDD-88CAC46DDF78}.Debug|Any CPU.Build.0 = Debug|Any CPU
		{A94520CC-5B8D-44A0-ADDD-88CAC46DDF78}.Release|Any CPU.ActiveCfg = Release|Any CPU
		{A94520CC-5B8D-44A0-ADDD-88CAC46DDF78}.Release|Any CPU.Build.0 = Release|Any CPU
		{2CEAC466-C0BD-4CD8-ACA3-4282421A869D}.Debug|Any CPU.ActiveCfg = Debug|Any CPU
		{2CEAC466-C0BD-4CD8-ACA3-4282421A869D}.Debug|Any CPU.Build.0 = Debug|Any CPU
		{2CEAC466-C0BD-4CD8-ACA3-4282421A869D}.Release|Any CPU.ActiveCfg = Release|Any CPU
		{2CEAC466-C0BD-4CD8-ACA3-4282421A869D}.Release|Any CPU.Build.0 = Release|Any CPU
		{25922F8C-0AE7-4AB8-8869-A3E3B332A80B}.Debug|Any CPU.ActiveCfg = Debug|Any CPU
		{25922F8C-0AE7-4AB8-8869-A3E3B332A80B}.Debug|Any CPU.Build.0 = Debug|Any CPU
		{25922F8C-0AE7-4AB8-8869-A3E3B332A80B}.Release|Any CPU.ActiveCfg = Release|Any CPU
		{25922F8C-0AE7-4AB8-8869-A3E3B332A80B}.Release|Any CPU.Build.0 = Release|Any CPU
		{85EFACDD-33EA-4C01-B25D-1580C2059B20}.Debug|Any CPU.ActiveCfg = Debug|Any CPU
		{85EFACDD-33EA-4C01-B25D-1580C2059B20}.Debug|Any CPU.Build.0 = Debug|Any CPU
		{85EFACDD-33EA-4C01-B25D-1580C2059B20}.Release|Any CPU.ActiveCfg = Release|Any CPU
		{85EFACDD-33EA-4C01-B25D-1580C2059B20}.Release|Any CPU.Build.0 = Release|Any CPU
		{3B5DBBE9-44CF-44CF-881C-69D5AF96C96D}.Debug|Any CPU.ActiveCfg = Debug|Any CPU
		{3B5DBBE9-44CF-44CF-881C-69D5AF96C96D}.Debug|Any CPU.Build.0 = Debug|Any CPU
		{3B5DBBE9-44CF-44CF-881C-69D5AF96C96D}.Release|Any CPU.ActiveCfg = Release|Any CPU
		{3B5DBBE9-44CF-44CF-881C-69D5AF96C96D}.Release|Any CPU.Build.0 = Release|Any CPU
		{BC50F57F-4CE7-4015-9644-B539D89C0C67}.Debug|Any CPU.ActiveCfg = Debug|Any CPU
		{BC50F57F-4CE7-4015-9644-B539D89C0C67}.Debug|Any CPU.Build.0 = Debug|Any CPU
		{BC50F57F-4CE7-4015-9644-B539D89C0C67}.Release|Any CPU.ActiveCfg = Release|Any CPU
		{BC50F57F-4CE7-4015-9644-B539D89C0C67}.Release|Any CPU.Build.0 = Release|Any CPU
		{98AE4D29-62C9-4302-A1D9-6882FF8C735A}.Debug|Any CPU.ActiveCfg = Debug|Any CPU
		{98AE4D29-62C9-4302-A1D9-6882FF8C735A}.Debug|Any CPU.Build.0 = Debug|Any CPU
		{98AE4D29-62C9-4302-A1D9-6882FF8C735A}.Release|Any CPU.ActiveCfg = Release|Any CPU
		{98AE4D29-62C9-4302-A1D9-6882FF8C735A}.Release|Any CPU.Build.0 = Release|Any CPU
		{5088E98A-92E1-44FA-8B5B-3BFEFB12F162}.Debug|Any CPU.ActiveCfg = Debug|Any CPU
		{5088E98A-92E1-44FA-8B5B-3BFEFB12F162}.Debug|Any CPU.Build.0 = Debug|Any CPU
		{5088E98A-92E1-44FA-8B5B-3BFEFB12F162}.Release|Any CPU.ActiveCfg = Release|Any CPU
		{5088E98A-92E1-44FA-8B5B-3BFEFB12F162}.Release|Any CPU.Build.0 = Release|Any CPU
		{C3C67596-AF6A-486C-B8C3-76DCAE70AB72}.Debug|Any CPU.ActiveCfg = Debug|Any CPU
		{C3C67596-AF6A-486C-B8C3-76DCAE70AB72}.Debug|Any CPU.Build.0 = Debug|Any CPU
		{C3C67596-AF6A-486C-B8C3-76DCAE70AB72}.Release|Any CPU.ActiveCfg = Release|Any CPU
		{C3C67596-AF6A-486C-B8C3-76DCAE70AB72}.Release|Any CPU.Build.0 = Release|Any CPU
		{2D9F4AAB-B0F7-4E07-9690-BB38AF9BB711}.Debug|Any CPU.ActiveCfg = Debug|Any CPU
		{2D9F4AAB-B0F7-4E07-9690-BB38AF9BB711}.Debug|Any CPU.Build.0 = Debug|Any CPU
		{2D9F4AAB-B0F7-4E07-9690-BB38AF9BB711}.Release|Any CPU.ActiveCfg = Release|Any CPU
		{2D9F4AAB-B0F7-4E07-9690-BB38AF9BB711}.Release|Any CPU.Build.0 = Release|Any CPU
		{A059A557-AC73-4CC0-8909-E458BEF05AB5}.Debug|Any CPU.ActiveCfg = Debug|Any CPU
		{A059A557-AC73-4CC0-8909-E458BEF05AB5}.Debug|Any CPU.Build.0 = Debug|Any CPU
		{A059A557-AC73-4CC0-8909-E458BEF05AB5}.Release|Any CPU.ActiveCfg = Release|Any CPU
		{A059A557-AC73-4CC0-8909-E458BEF05AB5}.Release|Any CPU.Build.0 = Release|Any CPU
		{5AEA2118-784B-4177-B37A-4C748D0BA176}.Debug|Any CPU.ActiveCfg = Debug|Any CPU
		{5AEA2118-784B-4177-B37A-4C748D0BA176}.Debug|Any CPU.Build.0 = Debug|Any CPU
		{5AEA2118-784B-4177-B37A-4C748D0BA176}.Release|Any CPU.ActiveCfg = Release|Any CPU
		{5AEA2118-784B-4177-B37A-4C748D0BA176}.Release|Any CPU.Build.0 = Release|Any CPU
		{CD17A4F9-B07C-4888-89FB-7A765E67FA48}.Debug|Any CPU.ActiveCfg = Debug|Any CPU
		{CD17A4F9-B07C-4888-89FB-7A765E67FA48}.Debug|Any CPU.Build.0 = Debug|Any CPU
		{CD17A4F9-B07C-4888-89FB-7A765E67FA48}.Release|Any CPU.ActiveCfg = Release|Any CPU
		{CD17A4F9-B07C-4888-89FB-7A765E67FA48}.Release|Any CPU.Build.0 = Release|Any CPU
		{362374EB-3641-436A-8059-6A96643E484D}.Debug|Any CPU.ActiveCfg = Debug|Any CPU
		{362374EB-3641-436A-8059-6A96643E484D}.Debug|Any CPU.Build.0 = Debug|Any CPU
		{362374EB-3641-436A-8059-6A96643E484D}.Release|Any CPU.ActiveCfg = Release|Any CPU
		{362374EB-3641-436A-8059-6A96643E484D}.Release|Any CPU.Build.0 = Release|Any CPU
		{88073EDB-D99C-48FD-B586-DB2ACA4CC552}.Debug|Any CPU.ActiveCfg = Debug|Any CPU
		{88073EDB-D99C-48FD-B586-DB2ACA4CC552}.Debug|Any CPU.Build.0 = Debug|Any CPU
		{88073EDB-D99C-48FD-B586-DB2ACA4CC552}.Release|Any CPU.ActiveCfg = Release|Any CPU
		{88073EDB-D99C-48FD-B586-DB2ACA4CC552}.Release|Any CPU.Build.0 = Release|Any CPU
		{FAC68927-EC35-464F-BEE0-824B04D39B62}.Debug|Any CPU.ActiveCfg = Debug|Any CPU
		{FAC68927-EC35-464F-BEE0-824B04D39B62}.Debug|Any CPU.Build.0 = Debug|Any CPU
		{FAC68927-EC35-464F-BEE0-824B04D39B62}.Release|Any CPU.ActiveCfg = Release|Any CPU
		{FAC68927-EC35-464F-BEE0-824B04D39B62}.Release|Any CPU.Build.0 = Release|Any CPU
		{1889C7A6-B006-4F47-8578-73D95236E94C}.Debug|Any CPU.ActiveCfg = Debug|Any CPU
		{1889C7A6-B006-4F47-8578-73D95236E94C}.Debug|Any CPU.Build.0 = Debug|Any CPU
		{1889C7A6-B006-4F47-8578-73D95236E94C}.Release|Any CPU.ActiveCfg = Release|Any CPU
		{1889C7A6-B006-4F47-8578-73D95236E94C}.Release|Any CPU.Build.0 = Release|Any CPU
		{8E43D789-4F70-4FF2-9B19-DEB6234C5BC0}.Debug|Any CPU.ActiveCfg = Debug|Any CPU
		{8E43D789-4F70-4FF2-9B19-DEB6234C5BC0}.Debug|Any CPU.Build.0 = Debug|Any CPU
		{8E43D789-4F70-4FF2-9B19-DEB6234C5BC0}.Release|Any CPU.ActiveCfg = Release|Any CPU
		{8E43D789-4F70-4FF2-9B19-DEB6234C5BC0}.Release|Any CPU.Build.0 = Release|Any CPU
	EndGlobalSection
	GlobalSection(SolutionProperties) = preSolution
		HideSolutionNode = FALSE
	EndGlobalSection
	GlobalSection(NestedProjects) = preSolution
		{5C0A039F-B639-40D7-BC3D-759DA8AEAA66} = {4269F3C3-6B42-419B-B64A-3E6DC0F1574A}
		{C9FC17B0-C30D-494D-A09B-6E41D9B6EAAD} = {4269F3C3-6B42-419B-B64A-3E6DC0F1574A}
		{183D0E91-B84E-46D7-B653-6D85B4CCF804} = {674A812C-7287-4883-97F9-697D83750648}
		{C0F4149C-BB92-423D-A8E2-855448E3A0C0} = {4269F3C3-6B42-419B-B64A-3E6DC0F1574A}
		{9AEE51D5-B0A6-4698-8EAC-ED2E9795225A} = {4269F3C3-6B42-419B-B64A-3E6DC0F1574A}
		{7A18F0C9-F8AF-4168-B954-6563BB2C1A90} = {4269F3C3-6B42-419B-B64A-3E6DC0F1574A}
		{F81B3CA1-5DB1-45E9-95B7-3B774588E635} = {4269F3C3-6B42-419B-B64A-3E6DC0F1574A}
		{CCEEC142-70BF-42EE-A5DD-54FF80ED5F82} = {C0F4149C-BB92-423D-A8E2-855448E3A0C0}
		{E0202555-C388-4DE7-81DA-BFAB29784619} = {674A812C-7287-4883-97F9-697D83750648}
		{9712326C-F202-4A8C-9F16-72D20CB7F353} = {9AEE51D5-B0A6-4698-8EAC-ED2E9795225A}
		{75A8775F-CEBC-42FF-8FD2-2104CC03BC82} = {7A18F0C9-F8AF-4168-B954-6563BB2C1A90}
		{297B5F2B-47E4-4C50-906C-32D124E9C306} = {674A812C-7287-4883-97F9-697D83750648}
		{89F1C954-98F1-480E-9218-7947EA446024} = {297B5F2B-47E4-4C50-906C-32D124E9C306}
		{5BC745C9-7366-428B-A0B5-B20557B1EBA8} = {297B5F2B-47E4-4C50-906C-32D124E9C306}
		{371BA8A9-22B6-45FD-8135-8019AF8235EA} = {F81B3CA1-5DB1-45E9-95B7-3B774588E635}
		{D08C3B96-BDFE-489E-BD46-E5B2B885BE07} = {AD743B78-D61F-4FBF-B620-FA83CE599A50}
		{25C8DD69-4496-4EAD-A79A-987AC6BC9A6F} = {AD743B78-D61F-4FBF-B620-FA83CE599A50}
		{9AD702C6-E1E1-4328-A249-09702853DE8E} = {AD743B78-D61F-4FBF-B620-FA83CE599A50}
		{61084CFD-CB22-44DA-A42B-4BAB0F18DDE7} = {AD743B78-D61F-4FBF-B620-FA83CE599A50}
		{84568CE9-4EE6-4A14-9DED-B1161AF620B7} = {AD743B78-D61F-4FBF-B620-FA83CE599A50}
		{53FEE87D-2E52-4064-93DB-BD27E3996B59} = {AD743B78-D61F-4FBF-B620-FA83CE599A50}
		{D790E414-979D-4FF9-8EB6-08C205423037} = {AD743B78-D61F-4FBF-B620-FA83CE599A50}
		{AC905963-D232-4679-888B-22A3D6D39ACB} = {5C0A039F-B639-40D7-BC3D-759DA8AEAA66}
		{08F7E4C2-2492-4002-9CDF-875C4765AB59} = {AD743B78-D61F-4FBF-B620-FA83CE599A50}
		{B62ADD31-511C-4FE5-9FAB-E153DF99579E} = {AD743B78-D61F-4FBF-B620-FA83CE599A50}
		{CBC8720C-5169-4034-B52B-8FAAA43687B9} = {674A812C-7287-4883-97F9-697D83750648}
		{5EBB9B94-1BA4-49FD-8796-ABD2E22F71A9} = {7A18F0C9-F8AF-4168-B954-6563BB2C1A90}
		{F57A654F-C6DA-4196-B93E-F104DB105A7D} = {C9FC17B0-C30D-494D-A09B-6E41D9B6EAAD}
		{C96E63AF-A46F-4E7D-9B70-C06F3D67CFCC} = {AD743B78-D61F-4FBF-B620-FA83CE599A50}
		{4754E8A5-5D3B-4E88-97CF-92FFCFA5A55B} = {C9FC17B0-C30D-494D-A09B-6E41D9B6EAAD}
		{B0633A22-F588-4AD2-A48B-F15E85380E44} = {C9FC17B0-C30D-494D-A09B-6E41D9B6EAAD}
		{A94520CC-5B8D-44A0-ADDD-88CAC46DDF78} = {183D0E91-B84E-46D7-B653-6D85B4CCF804}
		{2CEAC466-C0BD-4CD8-ACA3-4282421A869D} = {9AEE51D5-B0A6-4698-8EAC-ED2E9795225A}
		{25922F8C-0AE7-4AB8-8869-A3E3B332A80B} = {674A812C-7287-4883-97F9-697D83750648}
		{85EFACDD-33EA-4C01-B25D-1580C2059B20} = {AD743B78-D61F-4FBF-B620-FA83CE599A50}
		{3B5DBBE9-44CF-44CF-881C-69D5AF96C96D} = {C9FC17B0-C30D-494D-A09B-6E41D9B6EAAD}
		{BC50F57F-4CE7-4015-9644-B539D89C0C67} = {183D0E91-B84E-46D7-B653-6D85B4CCF804}
		{98AE4D29-62C9-4302-A1D9-6882FF8C735A} = {183D0E91-B84E-46D7-B653-6D85B4CCF804}
		{5088E98A-92E1-44FA-8B5B-3BFEFB12F162} = {183D0E91-B84E-46D7-B653-6D85B4CCF804}
		{C3C67596-AF6A-486C-B8C3-76DCAE70AB72} = {AD743B78-D61F-4FBF-B620-FA83CE599A50}
		{2D9F4AAB-B0F7-4E07-9690-BB38AF9BB711} = {183D0E91-B84E-46D7-B653-6D85B4CCF804}
		{A059A557-AC73-4CC0-8909-E458BEF05AB5} = {183D0E91-B84E-46D7-B653-6D85B4CCF804}
		{5AEA2118-784B-4177-B37A-4C748D0BA176} = {183D0E91-B84E-46D7-B653-6D85B4CCF804}
		{CD17A4F9-B07C-4888-89FB-7A765E67FA48} = {183D0E91-B84E-46D7-B653-6D85B4CCF804}
		{362374EB-3641-436A-8059-6A96643E484D} = {183D0E91-B84E-46D7-B653-6D85B4CCF804}
		{88073EDB-D99C-48FD-B586-DB2ACA4CC552} = {183D0E91-B84E-46D7-B653-6D85B4CCF804}
		{FAC68927-EC35-464F-BEE0-824B04D39B62} = {674A812C-7287-4883-97F9-697D83750648}
		{5059670B-CB2F-4D97-8B24-872FD1EC9D99} = {674A812C-7287-4883-97F9-697D83750648}
		{1889C7A6-B006-4F47-8578-73D95236E94C} = {5059670B-CB2F-4D97-8B24-872FD1EC9D99}
		{8E43D789-4F70-4FF2-9B19-DEB6234C5BC0} = {7A18F0C9-F8AF-4168-B954-6563BB2C1A90}
	EndGlobalSection
	GlobalSection(ExtensibilityGlobals) = postSolution
		SolutionGuid = {F1E8E538-309A-46F8-9CE7-AEC6589FAE60}
	EndGlobalSection
EndGlobal
